
Microsoft Visual Studio Solution File, Format Version 12.00
# Visual Studio Version 17
VisualStudioVersion = 17.11.35222.181
MinimumVisualStudioVersion = 10.0.40219.1
Project("{9A19103F-16F7-4668-BE54-9A1E7A4F7556}") = "Shuttle.OAuth", "Shuttle.OAuth\Shuttle.OAuth.csproj", "{11D3CEB5-78BD-43C8-91C8-ECAD5A201501}"
EndProject
Project("{2150E333-8FDC-42A3-9474-1A3956D46DE8}") = "Solution Items", "Solution Items", "{3BDFD716-D928-430B-B3DB-212064DC11C6}"
	ProjectSection(SolutionItems) = preProject
		LICENSE = LICENSE
		README.md = README.md
	EndProjectSection
EndProject
Global
	GlobalSection(SolutionConfigurationPlatforms) = preSolution
		Debug|Any CPU = Debug|Any CPU
		Release|Any CPU = Release|Any CPU
	EndGlobalSection
	GlobalSection(ProjectConfigurationPlatforms) = postSolution
		{11D3CEB5-78BD-43C8-91C8-ECAD5A201501}.Debug|Any CPU.ActiveCfg = Debug|Any CPU
		{11D3CEB5-78BD-43C8-91C8-ECAD5A201501}.Debug|Any CPU.Build.0 = Debug|Any CPU
		{11D3CEB5-78BD-43C8-91C8-ECAD5A201501}.Release|Any CPU.ActiveCfg = Release|Any CPU
		{11D3CEB5-78BD-43C8-91C8-ECAD5A201501}.Release|Any CPU.Build.0 = Release|Any CPU
	EndGlobalSection
	GlobalSection(SolutionProperties) = preSolution
		HideSolutionNode = FALSE
	EndGlobalSection
	GlobalSection(ExtensibilityGlobals) = postSolution
		SolutionGuid = {6C88D257-86A3-45AF-949F-38631BD93698}
	EndGlobalSection
EndGlobal
